
Microsoft Visual Studio Solution File, Format Version 12.00
# Visual Studio Version 16
VisualStudioVersion = 16.0.31624.102
MinimumVisualStudioVersion = 10.0.40219.1
Project("{FAE04EC0-301F-11D3-BF4B-00C04F79EFBC}") = "Formulario.GUI", "Formulario.GUI\Formulario.GUI.csproj", "{5DADC8C0-7BC0-4215-BDDA-7EE8912469F1}"
EndProject
Project("{FAE04EC0-301F-11D3-BF4B-00C04F79EFBC}") = "Formulario.GUI.Tests", "Formulario.GUI.Tests\Formulario.GUI.Tests.csproj", "{9A4D7D1F-E0F2-4BA2-99EA-D9A4CA0692B8}"
EndProject
Global
	GlobalSection(SolutionConfigurationPlatforms) = preSolution
		Debug|Any CPU = Debug|Any CPU
		Release|Any CPU = Release|Any CPU
	EndGlobalSection
	GlobalSection(ProjectConfigurationPlatforms) = postSolution
		{5DADC8C0-7BC0-4215-BDDA-7EE8912469F1}.Debug|Any CPU.ActiveCfg = Debug|Any CPU
		{5DADC8C0-7BC0-4215-BDDA-7EE8912469F1}.Debug|Any CPU.Build.0 = Debug|Any CPU
		{5DADC8C0-7BC0-4215-BDDA-7EE8912469F1}.Release|Any CPU.ActiveCfg = Release|Any CPU
		{5DADC8C0-7BC0-4215-BDDA-7EE8912469F1}.Release|Any CPU.Build.0 = Release|Any CPU
		{9A4D7D1F-E0F2-4BA2-99EA-D9A4CA0692B8}.Debug|Any CPU.ActiveCfg = Debug|Any CPU
		{9A4D7D1F-E0F2-4BA2-99EA-D9A4CA0692B8}.Debug|Any CPU.Build.0 = Debug|Any CPU
		{9A4D7D1F-E0F2-4BA2-99EA-D9A4CA0692B8}.Release|Any CPU.ActiveCfg = Release|Any CPU
		{9A4D7D1F-E0F2-4BA2-99EA-D9A4CA0692B8}.Release|Any CPU.Build.0 = Release|Any CPU
	EndGlobalSection
	GlobalSection(SolutionProperties) = preSolution
		HideSolutionNode = FALSE
	EndGlobalSection
	GlobalSection(ExtensibilityGlobals) = postSolution
		SolutionGuid = {0B2DCC4C-5871-48A2-8CDA-010E771AA6C0}
	EndGlobalSection
EndGlobal
